{
  "version": 4,
  "terraform_version": "1.9.6",
  "serial": 7,
  "lineage": "1f0250a5-e179-1d82-d47d-b21d683011c7",
  "outputs": {
    "app_service_url": {
      "value": "testwebappmat.azurewebsites.net",
      "type": "string"
    },
    "storage_account_name": {
      "value": "teststorageaccountmat",
      "type": "string"
    }
  },
  "resources": [
    {
      "mode": "managed",
      "type": "azurerm_resource_group",
      "name": "main",
      "provider": "provider[\"registry.terraform.io/hashicorp/azurerm\"]",
      "instances": [
        {
          "schema_version": 0,
          "attributes": {
            "id": "/subscriptions/4e1ef97b-f68e-4a73-9a81-7d4b8c158643/resourceGroups/testResourceGroupAPI",
            "location": "westeurope",
            "managed_by": "",
            "name": "testResourceGroupAPI",
            "tags": null,
            "timeouts": null
          },
          "sensitive_attributes": [],
          "private": "eyJlMmJmYjczMC1lY2FhLTExZTYtOGY4OC0zNDM2M2JjN2M0YzAiOnsiY3JlYXRlIjo1NDAwMDAwMDAwMDAwLCJkZWxldGUiOjU0MDAwMDAwMDAwMDAsInJlYWQiOjMwMDAwMDAwMDAwMCwidXBkYXRlIjo1NDAwMDAwMDAwMDAwfX0="
        }
      ]
    },
    {
      "mode": "managed",
      "type": "azurerm_service_plan",
      "name": "service_plan",
      "provider": "provider[\"registry.terraform.io/hashicorp/azurerm\"]",
      "instances": [
        {
          "schema_version": 1,
          "attributes": {
            "app_service_environment_id": "",
            "id": "/subscriptions/4e1ef97b-f68e-4a73-9a81-7d4b8c158643/resourceGroups/testResourceGroupAPI/providers/Microsoft.Web/serverFarms/testAppServicePlanMat",
            "kind": "app",
            "location": "westeurope",
            "maximum_elastic_worker_count": 1,
            "name": "testAppServicePlanMat",
            "os_type": "Windows",
            "per_site_scaling_enabled": false,
            "reserved": false,
            "resource_group_name": "testResourceGroupAPI",
            "sku_name": "B1",
            "tags": null,
            "timeouts": null,
            "worker_count": 1,
            "zone_balancing_enabled": false
          },
          "sensitive_attributes": [],
          "private": "eyJlMmJmYjczMC1lY2FhLTExZTYtOGY4OC0zNDM2M2JjN2M0YzAiOnsiY3JlYXRlIjozNjAwMDAwMDAwMDAwLCJkZWxldGUiOjM2MDAwMDAwMDAwMDAsInJlYWQiOjMwMDAwMDAwMDAwMCwidXBkYXRlIjozNjAwMDAwMDAwMDAwfSwic2NoZW1hX3ZlcnNpb24iOiIxIn0="
        }
      ]
    },
    {
      "mode": "managed",
      "type": "azurerm_windows_web_app",
      "name": "app",
      "provider": "provider[\"registry.terraform.io/hashicorp/azurerm\"]",
      "instances": [
        {
          "schema_version": 1,
          "attributes": {
            "app_settings": {
              "PYTHON_VERSION": "3.11",
              "SCM_DO_BUILD_DURING_DEPLOYMENT": "true",
              "WEBSITES_ENABLE_APP_SERVICE_STORAGE": "false"
            },
            "auth_settings": [],
            "auth_settings_v2": [],
            "backup": [],
            "client_affinity_enabled": false,
            "client_certificate_enabled": false,
            "client_certificate_exclusion_paths": "",
            "client_certificate_mode": "Required",
            "connection_string": [],
            "custom_domain_verification_id": "1FA4E9AEF698470F8A181BF9F0DE217B5F019AA4A81DC70875B58E05297047A7",
            "default_hostname": "testwebappmat.azurewebsites.net",
            "enabled": true,
            "ftp_publish_basic_authentication_enabled": true,
            "hosting_environment_id": "",
            "https_only": false,
            "id": "/subscriptions/4e1ef97b-f68e-4a73-9a81-7d4b8c158643/resourceGroups/testResourceGroupAPI/providers/Microsoft.Web/sites/testWebAppMat",
            "identity": [],
            "key_vault_reference_identity_id": "SystemAssigned",
            "kind": "app",
            "location": "westeurope",
            "logs": [],
            "name": "testWebAppMat",
            "outbound_ip_address_list": [
              "104.40.213.115",
              "104.40.212.193",
              "104.40.210.85",
              "104.40.212.23",
              "104.40.210.25"
            ],
            "outbound_ip_addresses": "104.40.213.115,104.40.212.193,104.40.210.85,104.40.212.23,104.40.210.25",
            "possible_outbound_ip_address_list": [
              "104.40.213.115",
              "104.40.212.193",
              "104.40.210.85",
              "104.40.212.23",
              "13.93.64.123",
              "13.93.64.168",
              "40.118.42.227",
              "13.93.64.139",
              "13.93.75.87",
              "20.50.248.126",
              "20.50.248.223",
              "20.50.248.225",
              "20.50.248.226",
              "20.50.249.1",
              "20.50.249.11",
              "108.142.41.216",
              "108.142.41.253",
              "108.142.42.0",
              "108.142.42.164",
              "108.142.40.152",
              "108.142.40.153",
              "104.40.210.25"
            ],
            "possible_outbound_ip_addresses": "104.40.213.115,104.40.212.193,104.40.210.85,104.40.212.23,13.93.64.123,13.93.64.168,40.118.42.227,13.93.64.139,13.93.75.87,20.50.248.126,20.50.248.223,20.50.248.225,20.50.248.226,20.50.249.1,20.50.249.11,108.142.41.216,108.142.41.253,108.142.42.0,108.142.42.164,108.142.40.152,108.142.40.153,104.40.210.25",
            "public_network_access_enabled": true,
            "resource_group_name": "testResourceGroupAPI",
            "service_plan_id": "/subscriptions/4e1ef97b-f68e-4a73-9a81-7d4b8c158643/resourceGroups/testResourceGroupAPI/providers/Microsoft.Web/serverFarms/testAppServicePlanMat",
            "site_config": [
              {
                "always_on": true,
                "api_definition_url": "",
                "api_management_api_id": "",
                "app_command_line": "",
                "application_stack": [
                  {
                    "current_stack": "",
                    "docker_container_name": "",
                    "docker_container_registry": "",
                    "docker_container_tag": "",
                    "docker_image_name": "",
                    "docker_registry_password": "",
                    "docker_registry_url": "",
                    "docker_registry_username": "",
                    "dotnet_core_version": "",
                    "dotnet_version": "v4.0",
                    "java_container": "",
                    "java_container_version": "",
                    "java_embedded_server_enabled": false,
                    "java_version": "",
                    "node_version": "",
                    "php_version": "5.6",
                    "python": false,
                    "python_version": "",
                    "tomcat_version": ""
                  }
                ],
                "auto_heal_enabled": false,
                "auto_heal_setting": [],
                "container_registry_managed_identity_client_id": "",
                "container_registry_use_managed_identity": false,
                "cors": [],
                "default_documents": [
                  "Default.htm",
                  "Default.html",
                  "Default.asp",
                  "index.htm",
                  "index.html",
                  "iisstart.htm",
                  "default.aspx",
                  "index.php",
                  "hostingstart.html"
                ],
                "detailed_error_logging_enabled": false,
                "ftps_state": "Disabled",
                "handler_mapping": [],
                "health_check_eviction_time_in_min": 0,
                "health_check_path": "",
                "http2_enabled": false,
                "ip_restriction": [],
                "ip_restriction_default_action": "Allow",
                "linux_fx_version": "",
                "load_balancing_mode": "LeastRequests",
                "local_mysql_enabled": false,
                "managed_pipeline_mode": "Integrated",
                "minimum_tls_version": "1.2",
                "remote_debugging_enabled": false,
                "remote_debugging_version": "VS2022",
                "scm_ip_restriction": [],
                "scm_ip_restriction_default_action": "Allow",
                "scm_minimum_tls_version": "1.2",
                "scm_type": "None",
                "scm_use_main_ip_restriction": false,
                "use_32_bit_worker": true,
                "virtual_application": [],
                "vnet_route_all_enabled": false,
                "websockets_enabled": false,
                "windows_fx_version": "",
                "worker_count": 1
              }
            ],
            "site_credential": [
              {
                "name": "$testWebAppMat",
                "password": "RMzL0sGWsodt8ft6lmrQx7zXLBplmhn2Kw2Deru3tsaLuREgTHhL5Sc93qkC"
              }
            ],
            "sticky_settings": [],
            "storage_account": [],
            "tags": null,
            "timeouts": null,
            "virtual_network_subnet_id": "",
            "webdeploy_publish_basic_authentication_enabled": true,
            "zip_deploy_file": ""
          },
          "sensitive_attributes": [
            [
              {
                "type": "get_attr",
                "value": "custom_domain_verification_id"
              }
            ],
            [
              {
                "type": "get_attr",
                "value": "site_credential"
              }
            ],
            [
              {
                "type": "get_attr",
                "value": "site_config"
              },
              {
                "type": "index",
                "value": {
                  "value": 0,
                  "type": "number"
                }
              },
              {
                "type": "get_attr",
                "value": "application_stack"
              },
              {
                "type": "index",
                "value": {
                  "value": 0,
                  "type": "number"
                }
              },
              {
                "type": "get_attr",
                "value": "docker_registry_password"
              }
            ]
          ],
          "private": "eyJlMmJmYjczMC1lY2FhLTExZTYtOGY4OC0zNDM2M2JjN2M0YzAiOnsiY3JlYXRlIjoxODAwMDAwMDAwMDAwLCJkZWxldGUiOjE4MDAwMDAwMDAwMDAsInJlYWQiOjMwMDAwMDAwMDAwMCwidXBkYXRlIjoxODAwMDAwMDAwMDAwfSwic2NoZW1hX3ZlcnNpb24iOiIxIn0=",
          "dependencies": [
            "azurerm_service_plan.service_plan"
          ]
        }
      ]
    }
  ],
  "check_results": [
    {
      "object_kind": "var",
      "config_addr": "var.servername",
      "status": "pass",
      "objects": [
        {
          "object_addr": "var.servername",
          "status": "pass"
        }
      ]
    }
  ]
}
